
Microsoft Visual Studio Solution File, Format Version 12.00
# Visual Studio Version 16
VisualStudioVersion = 16.0.29509.3
MinimumVisualStudioVersion = 10.0.40219.1
Project("{FAE04EC0-301F-11D3-BF4B-00C04F79EFBC}") = "HR_Angry Professor", "HR_Angry Professor.csproj", "{73F32536-5D11-4C6F-AB6F-FF303F5374B3}"
EndProject
Global
	GlobalSection(SolutionConfigurationPlatforms) = preSolution
		Debug|Any CPU = Debug|Any CPU
		Release|Any CPU = Release|Any CPU
	EndGlobalSection
	GlobalSection(ProjectConfigurationPlatforms) = postSolution
		{73F32536-5D11-4C6F-AB6F-FF303F5374B3}.Debug|Any CPU.ActiveCfg = Debug|Any CPU
		{73F32536-5D11-4C6F-AB6F-FF303F5374B3}.Debug|Any CPU.Build.0 = Debug|Any CPU
		{73F32536-5D11-4C6F-AB6F-FF303F5374B3}.Release|Any CPU.ActiveCfg = Release|Any CPU
		{73F32536-5D11-4C6F-AB6F-FF303F5374B3}.Release|Any CPU.Build.0 = Release|Any CPU
	EndGlobalSection
	GlobalSection(SolutionProperties) = preSolution
		HideSolutionNode = FALSE
	EndGlobalSection
	GlobalSection(ExtensibilityGlobals) = postSolution
		SolutionGuid = {FF2EAF72-5B78-49D3-8F2A-FE2701B979C2}
	EndGlobalSection
EndGlobal
